
Microsoft Visual Studio Solution File, Format Version 12.00
# Visual Studio Version 17
VisualStudioVersion = 17.0.31903.59
MinimumVisualStudioVersion = 10.0.40219.1
Project("{FAE04EC0-301F-11D3-BF4B-00C04F79EFBC}") = "FizzBuzz", "FizzBuzz\FizzBuzz.csproj", "{56663A70-8E91-4C3B-8400-03A147445299}"
EndProject
Project("{FAE04EC0-301F-11D3-BF4B-00C04F79EFBC}") = "FizzBuzz.Tests", "FizzBuzz.Tests\FizzBuzz.Tests.csproj", "{DE09A3D6-D9CC-422D-8B83-384DBA8C0C32}"
EndProject
Global
	GlobalSection(SolutionConfigurationPlatforms) = preSolution
		Debug|Any CPU = Debug|Any CPU
		Release|Any CPU = Release|Any CPU
	EndGlobalSection
	GlobalSection(SolutionProperties) = preSolution
		HideSolutionNode = FALSE
	EndGlobalSection
	GlobalSection(ProjectConfigurationPlatforms) = postSolution
		{56663A70-8E91-4C3B-8400-03A147445299}.Debug|Any CPU.ActiveCfg = Debug|Any CPU
		{56663A70-8E91-4C3B-8400-03A147445299}.Debug|Any CPU.Build.0 = Debug|Any CPU
		{56663A70-8E91-4C3B-8400-03A147445299}.Release|Any CPU.ActiveCfg = Release|Any CPU
		{56663A70-8E91-4C3B-8400-03A147445299}.Release|Any CPU.Build.0 = Release|Any CPU
		{DE09A3D6-D9CC-422D-8B83-384DBA8C0C32}.Debug|Any CPU.ActiveCfg = Debug|Any CPU
		{DE09A3D6-D9CC-422D-8B83-384DBA8C0C32}.Debug|Any CPU.Build.0 = Debug|Any CPU
		{DE09A3D6-D9CC-422D-8B83-384DBA8C0C32}.Release|Any CPU.ActiveCfg = Release|Any CPU
		{DE09A3D6-D9CC-422D-8B83-384DBA8C0C32}.Release|Any CPU.Build.0 = Release|Any CPU
	EndGlobalSection
EndGlobal
